
Microsoft Visual Studio Solution File, Format Version 12.00
# Visual Studio 15
VisualStudioVersion = 15.0.26124.0
MinimumVisualStudioVersion = 15.0.26124.0
Project("{FAE04EC0-301F-11D3-BF4B-00C04F79EFBC}") = "Domain", "Domain\Domain.csproj", "{2A6F5C03-B205-4ACB-B893-9635ADF68D87}"
EndProject
Project("{FAE04EC0-301F-11D3-BF4B-00C04F79EFBC}") = "Application", "Application\Application.csproj", "{8CD297AB-EBBF-4E86-A269-20E4FFA0E807}"
EndProject
Project("{FAE04EC0-301F-11D3-BF4B-00C04F79EFBC}") = "Persistence", "Persistence\Persistence.csproj", "{8FF62EA3-CCD8-4686-B6D2-AE058B5DAAB0}"
EndProject
Project("{FAE04EC0-301F-11D3-BF4B-00C04F79EFBC}") = "API", "API\API.csproj", "{D4C06971-756F-4A57-B764-B6BCBFE04AB5}"
EndProject
Global
	GlobalSection(SolutionConfigurationPlatforms) = preSolution
		Debug|Any CPU = Debug|Any CPU
		Debug|x64 = Debug|x64
		Debug|x86 = Debug|x86
		Release|Any CPU = Release|Any CPU
		Release|x64 = Release|x64
		Release|x86 = Release|x86
	EndGlobalSection
	GlobalSection(SolutionProperties) = preSolution
		HideSolutionNode = FALSE
	EndGlobalSection
	GlobalSection(ProjectConfigurationPlatforms) = postSolution
		{2A6F5C03-B205-4ACB-B893-9635ADF68D87}.Debug|Any CPU.ActiveCfg = Debug|Any CPU
		{2A6F5C03-B205-4ACB-B893-9635ADF68D87}.Debug|Any CPU.Build.0 = Debug|Any CPU
		{2A6F5C03-B205-4ACB-B893-9635ADF68D87}.Debug|x64.ActiveCfg = Debug|Any CPU
		{2A6F5C03-B205-4ACB-B893-9635ADF68D87}.Debug|x64.Build.0 = Debug|Any CPU
		{2A6F5C03-B205-4ACB-B893-9635ADF68D87}.Debug|x86.ActiveCfg = Debug|Any CPU
		{2A6F5C03-B205-4ACB-B893-9635ADF68D87}.Debug|x86.Build.0 = Debug|Any CPU
		{2A6F5C03-B205-4ACB-B893-9635ADF68D87}.Release|Any CPU.ActiveCfg = Release|Any CPU
		{2A6F5C03-B205-4ACB-B893-9635ADF68D87}.Release|Any CPU.Build.0 = Release|Any CPU
		{2A6F5C03-B205-4ACB-B893-9635ADF68D87}.Release|x64.ActiveCfg = Release|Any CPU
		{2A6F5C03-B205-4ACB-B893-9635ADF68D87}.Release|x64.Build.0 = Release|Any CPU
		{2A6F5C03-B205-4ACB-B893-9635ADF68D87}.Release|x86.ActiveCfg = Release|Any CPU
		{2A6F5C03-B205-4ACB-B893-9635ADF68D87}.Release|x86.Build.0 = Release|Any CPU
		{8CD297AB-EBBF-4E86-A269-20E4FFA0E807}.Debug|Any CPU.ActiveCfg = Debug|Any CPU
		{8CD297AB-EBBF-4E86-A269-20E4FFA0E807}.Debug|Any CPU.Build.0 = Debug|Any CPU
		{8CD297AB-EBBF-4E86-A269-20E4FFA0E807}.Debug|x64.ActiveCfg = Debug|Any CPU
		{8CD297AB-EBBF-4E86-A269-20E4FFA0E807}.Debug|x64.Build.0 = Debug|Any CPU
		{8CD297AB-EBBF-4E86-A269-20E4FFA0E807}.Debug|x86.ActiveCfg = Debug|Any CPU
		{8CD297AB-EBBF-4E86-A269-20E4FFA0E807}.Debug|x86.Build.0 = Debug|Any CPU
		{8CD297AB-EBBF-4E86-A269-20E4FFA0E807}.Release|Any CPU.ActiveCfg = Release|Any CPU
		{8CD297AB-EBBF-4E86-A269-20E4FFA0E807}.Release|Any CPU.Build.0 = Release|Any CPU
		{8CD297AB-EBBF-4E86-A269-20E4FFA0E807}.Release|x64.ActiveCfg = Release|Any CPU
		{8CD297AB-EBBF-4E86-A269-20E4FFA0E807}.Release|x64.Build.0 = Release|Any CPU
		{8CD297AB-EBBF-4E86-A269-20E4FFA0E807}.Release|x86.ActiveCfg = Release|Any CPU
		{8CD297AB-EBBF-4E86-A269-20E4FFA0E807}.Release|x86.Build.0 = Release|Any CPU
		{8FF62EA3-CCD8-4686-B6D2-AE058B5DAAB0}.Debug|Any CPU.ActiveCfg = Debug|Any CPU
		{8FF62EA3-CCD8-4686-B6D2-AE058B5DAAB0}.Debug|Any CPU.Build.0 = Debug|Any CPU
		{8FF62EA3-CCD8-4686-B6D2-AE058B5DAAB0}.Debug|x64.ActiveCfg = Debug|Any CPU
		{8FF62EA3-CCD8-4686-B6D2-AE058B5DAAB0}.Debug|x64.Build.0 = Debug|Any CPU
		{8FF62EA3-CCD8-4686-B6D2-AE058B5DAAB0}.Debug|x86.ActiveCfg = Debug|Any CPU
		{8FF62EA3-CCD8-4686-B6D2-AE058B5DAAB0}.Debug|x86.Build.0 = Debug|Any CPU
		{8FF62EA3-CCD8-4686-B6D2-AE058B5DAAB0}.Release|Any CPU.ActiveCfg = Release|Any CPU
		{8FF62EA3-CCD8-4686-B6D2-AE058B5DAAB0}.Release|Any CPU.Build.0 = Release|Any CPU
		{8FF62EA3-CCD8-4686-B6D2-AE058B5DAAB0}.Release|x64.ActiveCfg = Release|Any CPU
		{8FF62EA3-CCD8-4686-B6D2-AE058B5DAAB0}.Release|x64.Build.0 = Release|Any CPU
		{8FF62EA3-CCD8-4686-B6D2-AE058B5DAAB0}.Release|x86.ActiveCfg = Release|Any CPU
		{8FF62EA3-CCD8-4686-B6D2-AE058B5DAAB0}.Release|x86.Build.0 = Release|Any CPU
		{D4C06971-756F-4A57-B764-B6BCBFE04AB5}.Debug|Any CPU.ActiveCfg = Debug|Any CPU
		{D4C06971-756F-4A57-B764-B6BCBFE04AB5}.Debug|Any CPU.Build.0 = Debug|Any CPU
		{D4C06971-756F-4A57-B764-B6BCBFE04AB5}.Debug|x64.ActiveCfg = Debug|Any CPU
		{D4C06971-756F-4A57-B764-B6BCBFE04AB5}.Debug|x64.Build.0 = Debug|Any CPU
		{D4C06971-756F-4A57-B764-B6BCBFE04AB5}.Debug|x86.ActiveCfg = Debug|Any CPU
		{D4C06971-756F-4A57-B764-B6BCBFE04AB5}.Debug|x86.Build.0 = Debug|Any CPU
		{D4C06971-756F-4A57-B764-B6BCBFE04AB5}.Release|Any CPU.ActiveCfg = Release|Any CPU
		{D4C06971-756F-4A57-B764-B6BCBFE04AB5}.Release|Any CPU.Build.0 = Release|Any CPU
		{D4C06971-756F-4A57-B764-B6BCBFE04AB5}.Release|x64.ActiveCfg = Release|Any CPU
		{D4C06971-756F-4A57-B764-B6BCBFE04AB5}.Release|x64.Build.0 = Release|Any CPU
		{D4C06971-756F-4A57-B764-B6BCBFE04AB5}.Release|x86.ActiveCfg = Release|Any CPU
		{D4C06971-756F-4A57-B764-B6BCBFE04AB5}.Release|x86.Build.0 = Release|Any CPU
	EndGlobalSection
EndGlobal
